
Microsoft Visual Studio Solution File, Format Version 10.00
# Visual Studio 2008
Project("{FAE04EC0-301F-11D3-BF4B-00C04F79EFBC}") = "DIDE.InstallerHelper", "DIDE.InstallerHelper.csproj", "{C3893C81-DF21-4CFC-8A09-D15E10D322EB}"
EndProject
Project("{FAE04EC0-301F-11D3-BF4B-00C04F79EFBC}") = "TestInstallerHelper", "..\TestInstallerHelper\TestInstallerHelper.csproj", "{B1612B74-3DBF-4174-8048-D184994CB305}"
EndProject
Global
	GlobalSection(SolutionConfigurationPlatforms) = preSolution
		Debug|Any CPU = Debug|Any CPU
		Release|Any CPU = Release|Any CPU
	EndGlobalSection
	GlobalSection(ProjectConfigurationPlatforms) = postSolution
		{C3893C81-DF21-4CFC-8A09-D15E10D322EB}.Debug|Any CPU.ActiveCfg = Debug|Any CPU
		{C3893C81-DF21-4CFC-8A09-D15E10D322EB}.Debug|Any CPU.Build.0 = Debug|Any CPU
		{C3893C81-DF21-4CFC-8A09-D15E10D322EB}.Release|Any CPU.ActiveCfg = Release|Any CPU
		{C3893C81-DF21-4CFC-8A09-D15E10D322EB}.Release|Any CPU.Build.0 = Release|Any CPU
		{B1612B74-3DBF-4174-8048-D184994CB305}.Debug|Any CPU.ActiveCfg = Debug|Any CPU
		{B1612B74-3DBF-4174-8048-D184994CB305}.Debug|Any CPU.Build.0 = Debug|Any CPU
		{B1612B74-3DBF-4174-8048-D184994CB305}.Release|Any CPU.ActiveCfg = Release|Any CPU
		{B1612B74-3DBF-4174-8048-D184994CB305}.Release|Any CPU.Build.0 = Release|Any CPU
	EndGlobalSection
	GlobalSection(SolutionProperties) = preSolution
		HideSolutionNode = FALSE
	EndGlobalSection
EndGlobal
